
Microsoft Visual Studio Solution File, Format Version 12.00
# Visual Studio Version 17
VisualStudioVersion = 17.5.33414.496
MinimumVisualStudioVersion = 10.0.40219.1
Project("{FAE04EC0-301F-11D3-BF4B-00C04F79EFBC}") = "RabbitMq_Publisher", "RabbitMq_Publisher\RabbitMq_Publisher.csproj", "{A6DABF42-3F05-45A5-860F-92EF1F3FEC26}"
EndProject
Project("{FAE04EC0-301F-11D3-BF4B-00C04F79EFBC}") = "RabbitMq_Consumer", "RabbitMq_Consumer\RabbitMq_Consumer.csproj", "{815DE712-E61F-464F-A1DE-2EFC54B5DB86}"
EndProject
Global
	GlobalSection(SolutionConfigurationPlatforms) = preSolution
		Debug|Any CPU = Debug|Any CPU
		Release|Any CPU = Release|Any CPU
	EndGlobalSection
	GlobalSection(ProjectConfigurationPlatforms) = postSolution
		{A6DABF42-3F05-45A5-860F-92EF1F3FEC26}.Debug|Any CPU.ActiveCfg = Debug|Any CPU
		{A6DABF42-3F05-45A5-860F-92EF1F3FEC26}.Debug|Any CPU.Build.0 = Debug|Any CPU
		{A6DABF42-3F05-45A5-860F-92EF1F3FEC26}.Release|Any CPU.ActiveCfg = Release|Any CPU
		{A6DABF42-3F05-45A5-860F-92EF1F3FEC26}.Release|Any CPU.Build.0 = Release|Any CPU
		{815DE712-E61F-464F-A1DE-2EFC54B5DB86}.Debug|Any CPU.ActiveCfg = Debug|Any CPU
		{815DE712-E61F-464F-A1DE-2EFC54B5DB86}.Debug|Any CPU.Build.0 = Debug|Any CPU
		{815DE712-E61F-464F-A1DE-2EFC54B5DB86}.Release|Any CPU.ActiveCfg = Release|Any CPU
		{815DE712-E61F-464F-A1DE-2EFC54B5DB86}.Release|Any CPU.Build.0 = Release|Any CPU
	EndGlobalSection
	GlobalSection(SolutionProperties) = preSolution
		HideSolutionNode = FALSE
	EndGlobalSection
	GlobalSection(ExtensibilityGlobals) = postSolution
		SolutionGuid = {8F175585-599D-45BF-BA21-1D285670B924}
	EndGlobalSection
EndGlobal
