
Microsoft Visual Studio Solution File, Format Version 12.00
# Visual Studio Version 17
VisualStudioVersion = 17.5.33414.496
MinimumVisualStudioVersion = 10.0.40219.1
Project("{FAE04EC0-301F-11D3-BF4B-00C04F79EFBC}") = "ExcelExample", "ExcelExample\ExcelExample.csproj", "{E40B0D02-61A1-404B-BBA3-2FA23CF53BFE}"
EndProject
Global
	GlobalSection(SolutionConfigurationPlatforms) = preSolution
		Debug|Any CPU = Debug|Any CPU
		Release|Any CPU = Release|Any CPU
	EndGlobalSection
	GlobalSection(ProjectConfigurationPlatforms) = postSolution
		{E40B0D02-61A1-404B-BBA3-2FA23CF53BFE}.Debug|Any CPU.ActiveCfg = Debug|Any CPU
		{E40B0D02-61A1-404B-BBA3-2FA23CF53BFE}.Debug|Any CPU.Build.0 = Debug|Any CPU
		{E40B0D02-61A1-404B-BBA3-2FA23CF53BFE}.Release|Any CPU.ActiveCfg = Release|Any CPU
		{E40B0D02-61A1-404B-BBA3-2FA23CF53BFE}.Release|Any CPU.Build.0 = Release|Any CPU
	EndGlobalSection
	GlobalSection(SolutionProperties) = preSolution
		HideSolutionNode = FALSE
	EndGlobalSection
	GlobalSection(ExtensibilityGlobals) = postSolution
		SolutionGuid = {8C7BA374-0AC7-495E-96AE-F168E9904991}
	EndGlobalSection
EndGlobal
